// !$*UTF8*$!
{
	archiveVersion = 1;
	classes = {
	};
	objectVersion = 48;
	objects = {

/* Begin PBXBuildFile section */
		89F888C1AB0DBBA88D0C7619 /* Pods_Yod.framework in Frameworks */ = {isa = PBXBuildFile; fileRef = 918E8924F0BD661D5A8DC2BD /* Pods_Yod.framework */; };
		E9125BEC65A8E29F47E69EC4 /* Pods_YodTests.framework in Frameworks */ = {isa = PBXBuildFile; fileRef = E6246C70E12FDCB06375B0C1 /* Pods_YodTests.framework */; };
		EC246C2AD9AC85147D4CAB67 /* Pods_YodUITests.framework in Frameworks */ = {isa = PBXBuildFile; fileRef = 505481D2B563172588955C97 /* Pods_YodUITests.framework */; };
		F11910592083631400743D7B /* CountingLabel.swift in Sources */ = {isa = PBXBuildFile; fileRef = F11910582083631400743D7B /* CountingLabel.swift */; };
		F12CBE9F20873B9D0063A053 /* HomeItemSectionView.swift in Sources */ = {isa = PBXBuildFile; fileRef = F12CBE9E20873B9D0063A053 /* HomeItemSectionView.swift */; };
		F149D89920999D6B00E7BA59 /* Info.plist in Resources */ = {isa = PBXBuildFile; fileRef = F149D89820999D6B00E7BA59 /* Info.plist */; };
		F14AE377206E451000F65543 /* 20180329_account.csv in Resources */ = {isa = PBXBuildFile; fileRef = F14AE376206E451000F65543 /* 20180329_account.csv */; };
		F150358E2098C3680055617D /* String+Yod.swift in Sources */ = {isa = PBXBuildFile; fileRef = F150358C2098C3670055617D /* String+Yod.swift */; };
		F150358F2098C3680055617D /* Date+Yod.swift in Sources */ = {isa = PBXBuildFile; fileRef = F150358D2098C3670055617D /* Date+Yod.swift */; };
		F1504A1B204E912B00855D00 /* BaseViewController.swift in Sources */ = {isa = PBXBuildFile; fileRef = F1504A17204E912B00855D00 /* BaseViewController.swift */; };
		F1504A1C204E912B00855D00 /* HomeViewController.swift in Sources */ = {isa = PBXBuildFile; fileRef = F1504A1A204E912B00855D00 /* HomeViewController.swift */; };
		F15D2633208F1EBF0027D3EA /* AccountContentView.swift in Sources */ = {isa = PBXBuildFile; fileRef = F15D2632208F1EBF0027D3EA /* AccountContentView.swift */; };
		F15D2635209078890027D3EA /* AccountHelper.swift in Sources */ = {isa = PBXBuildFile; fileRef = F15D2634209078890027D3EA /* AccountHelper.swift */; };
		F15D263920907A810027D3EA /* HomeModel.swift in Sources */ = {isa = PBXBuildFile; fileRef = F15D263820907A810027D3EA /* HomeModel.swift */; };
		F168386220513F3200B93D84 /* HomeDateItemCell.swift in Sources */ = {isa = PBXBuildFile; fileRef = F168386120513F3200B93D84 /* HomeDateItemCell.swift */; };
		F16F74AF207CFF6B00E6F194 /* YodPrint.swift in Sources */ = {isa = PBXBuildFile; fileRef = F16F74AE207CFF6B00E6F194 /* YodPrint.swift */; };
		F16F74B1207E63E000E6F194 /* HomeItemCell.swift in Sources */ = {isa = PBXBuildFile; fileRef = F16F74B0207E63E000E6F194 /* HomeItemCell.swift */; };
		F16F74B3207E676100E6F194 /* HomeHeaderView.swift in Sources */ = {isa = PBXBuildFile; fileRef = F16F74B2207E676100E6F194 /* HomeHeaderView.swift */; };
		F1749F3F209EF830000C613C /* Launch Screen.storyboard in Resources */ = {isa = PBXBuildFile; fileRef = F1749F3E209EF830000C613C /* Launch Screen.storyboard */; };
		F1749F43209F00A9000C613C /* LaunchViewController.swift in Sources */ = {isa = PBXBuildFile; fileRef = F1749F42209F00A9000C613C /* LaunchViewController.swift */; };
		F1754DF52052370400A7CF77 /* AccountManager.swift in Sources */ = {isa = PBXBuildFile; fileRef = F1754DF42052370400A7CF77 /* AccountManager.swift */; };
		F18C5CD920A0550B007050F9 /* BillDetailViewController.swift in Sources */ = {isa = PBXBuildFile; fileRef = F18C5CD820A0550B007050F9 /* BillDetailViewController.swift */; };
		F18C5CDF20A05E07007050F9 /* BillDetailContentView.swift in Sources */ = {isa = PBXBuildFile; fileRef = F18C5CDE20A05E07007050F9 /* BillDetailContentView.swift */; };
		F1A0C7B82091B7CE000A62F7 /* Account.swift in Sources */ = {isa = PBXBuildFile; fileRef = F1A0C7B62091B7CE000A62F7 /* Account.swift */; };
		F1A0C7B92091B7CE000A62F7 /* YodDate.swift in Sources */ = {isa = PBXBuildFile; fileRef = F1A0C7B72091B7CE000A62F7 /* YodDate.swift */; };
		F1A6FFD7208CEF220021EAEA /* DisplayScrollView.swift in Sources */ = {isa = PBXBuildFile; fileRef = F1A6FFD6208CEF220021EAEA /* DisplayScrollView.swift */; };
		F1A81C02200CA410003D2D4E /* AppDelegate.swift in Sources */ = {isa = PBXBuildFile; fileRef = F1A81C01200CA410003D2D4E /* AppDelegate.swift */; };
		F1A81C09200CA410003D2D4E /* Assets.xcassets in Resources */ = {isa = PBXBuildFile; fileRef = F1A81C08200CA410003D2D4E /* Assets.xcassets */; };
		F1AC66CE209A0B3E000909DA /* HomeDisplayView.swift in Sources */ = {isa = PBXBuildFile; fileRef = F1AC66CD209A0B3E000909DA /* HomeDisplayView.swift */; };
		F1BCD08F207E0BC700E4A791 /* Reusable.swift in Sources */ = {isa = PBXBuildFile; fileRef = F1BCD08E207E0BC700E4A791 /* Reusable.swift */; };
		F1C16A02207EFF64003C4B5A /* HomeNavigationView.swift in Sources */ = {isa = PBXBuildFile; fileRef = F1504A20204E94FD00855D00 /* HomeNavigationView.swift */; };
		F1C16A04207F07C4003C4B5A /* UIView+Frame.swift in Sources */ = {isa = PBXBuildFile; fileRef = F1C16A03207F07C4003C4B5A /* UIView+Frame.swift */; };
		F1C16A08207F6423003C4B5A /* Delay.swift in Sources */ = {isa = PBXBuildFile; fileRef = F1C16A07207F6423003C4B5A /* Delay.swift */; };
		F1D036F32088C99700D22995 /* helvetica-light.ttf in Resources */ = {isa = PBXBuildFile; fileRef = F1D036F22088C99700D22995 /* helvetica-light.ttf */; };
		F1E1CAE42049553A00339163 /* helvetica-bold.ttf in Resources */ = {isa = PBXBuildFile; fileRef = F1E1CAE32049553A00339163 /* helvetica-bold.ttf */; };
		F1E4163D209378FB00C4A7AF /* UIView+Load.swift in Sources */ = {isa = PBXBuildFile; fileRef = F1E4163C209378FB00C4A7AF /* UIView+Load.swift */; };
		F1FEA64820503DCF00D7733B /* YodConfig.swift in Sources */ = {isa = PBXBuildFile; fileRef = F1FEA64720503DCF00D7733B /* YodConfig.swift */; };
/* End PBXBuildFile section */

/* Begin PBXContainerItemProxy section */
		F1A81C13200CA410003D2D4E /* PBXContainerItemProxy */ = {
			isa = PBXContainerItemProxy;
			containerPortal = F1A81BF6200CA410003D2D4E /* Project object */;
			proxyType = 1;
			remoteGlobalIDString = F1A81BFD200CA410003D2D4E;
			remoteInfo = Yod;
		};
		F1A81C1E200CA410003D2D4E /* PBXContainerItemProxy */ = {
			isa = PBXContainerItemProxy;
			containerPortal = F1A81BF6200CA410003D2D4E /* Project object */;
			proxyType = 1;
			remoteGlobalIDString = F1A81BFD200CA410003D2D4E;
			remoteInfo = Yod;
		};
/* End PBXContainerItemProxy section */

/* Begin PBXFileReference section */
		505481D2B563172588955C97 /* Pods_YodUITests.framework */ = {isa = PBXFileReference; explicitFileType = wrapper.framework; includeInIndex = 0; path = Pods_YodUITests.framework; sourceTree = BUILT_PRODUCTS_DIR; };
		7B861A4160D3F57FFAEE7061 /* Pods-Yod.release.xcconfig */ = {isa = PBXFileReference; includeInIndex = 1; lastKnownFileType = text.xcconfig; name = "Pods-Yod.release.xcconfig"; path = "Pods/Target Support Files/Pods-Yod/Pods-Yod.release.xcconfig"; sourceTree = "<group>"; };
		918E8924F0BD661D5A8DC2BD /* Pods_Yod.framework */ = {isa = PBXFileReference; explicitFileType = wrapper.framework; includeInIndex = 0; path = Pods_Yod.framework; sourceTree = BUILT_PRODUCTS_DIR; };
		9C527D633F0BC6495623196A /* Pods-YodTests.debug.xcconfig */ = {isa = PBXFileReference; includeInIndex = 1; lastKnownFileType = text.xcconfig; name = "Pods-YodTests.debug.xcconfig"; path = "Pods/Target Support Files/Pods-YodTests/Pods-YodTests.debug.xcconfig"; sourceTree = "<group>"; };
		AD6D46A51B3FAC807B65DBE1 /* Pods-YodUITests.debug.xcconfig */ = {isa = PBXFileReference; includeInIndex = 1; lastKnownFileType = text.xcconfig; name = "Pods-YodUITests.debug.xcconfig"; path = "Pods/Target Support Files/Pods-YodUITests/Pods-YodUITests.debug.xcconfig"; sourceTree = "<group>"; };
		BBCA134F0E2520E11E375801 /* Pods-Yod.debug.xcconfig */ = {isa = PBXFileReference; includeInIndex = 1; lastKnownFileType = text.xcconfig; name = "Pods-Yod.debug.xcconfig"; path = "Pods/Target Support Files/Pods-Yod/Pods-Yod.debug.xcconfig"; sourceTree = "<group>"; };
		C30FE005B636EDB0B41BC8F6 /* Pods-YodUITests.release.xcconfig */ = {isa = PBXFileReference; includeInIndex = 1; lastKnownFileType = text.xcconfig; name = "Pods-YodUITests.release.xcconfig"; path = "Pods/Target Support Files/Pods-YodUITests/Pods-YodUITests.release.xcconfig"; sourceTree = "<group>"; };
		C88DE1F30E507A75A725115A /* Pods-YodTests.release.xcconfig */ = {isa = PBXFileReference; includeInIndex = 1; lastKnownFileType = text.xcconfig; name = "Pods-YodTests.release.xcconfig"; path = "Pods/Target Support Files/Pods-YodTests/Pods-YodTests.release.xcconfig"; sourceTree = "<group>"; };
		E6246C70E12FDCB06375B0C1 /* Pods_YodTests.framework */ = {isa = PBXFileReference; explicitFileType = wrapper.framework; includeInIndex = 0; path = Pods_YodTests.framework; sourceTree = BUILT_PRODUCTS_DIR; };
		F11910582083631400743D7B /* CountingLabel.swift */ = {isa = PBXFileReference; lastKnownFileType = sourcecode.swift; path = CountingLabel.swift; sourceTree = "<group>"; };
		F12CBE9E20873B9D0063A053 /* HomeItemSectionView.swift */ = {isa = PBXFileReference; lastKnownFileType = sourcecode.swift; path = HomeItemSectionView.swift; sourceTree = "<group>"; };
		F149D89820999D6B00E7BA59 /* Info.plist */ = {isa = PBXFileReference; fileEncoding = 4; lastKnownFileType = text.plist.xml; path = Info.plist; sourceTree = "<group>"; };
		F14AE376206E451000F65543 /* 20180329_account.csv */ = {isa = PBXFileReference; fileEncoding = 4; lastKnownFileType = text; path = 20180329_account.csv; sourceTree = "<group>"; };
		F150358C2098C3670055617D /* String+Yod.swift */ = {isa = PBXFileReference; fileEncoding = 4; lastKnownFileType = sourcecode.swift; path = "String+Yod.swift"; sourceTree = "<group>"; };
		F150358D2098C3670055617D /* Date+Yod.swift */ = {isa = PBXFileReference; fileEncoding = 4; lastKnownFileType = sourcecode.swift; path = "Date+Yod.swift"; sourceTree = "<group>"; };
		F1504A17204E912B00855D00 /* BaseViewController.swift */ = {isa = PBXFileReference; fileEncoding = 4; lastKnownFileType = sourcecode.swift; path = BaseViewController.swift; sourceTree = "<group>"; };
		F1504A1A204E912B00855D00 /* HomeViewController.swift */ = {isa = PBXFileReference; fileEncoding = 4; lastKnownFileType = sourcecode.swift; path = HomeViewController.swift; sourceTree = "<group>"; };
		F1504A20204E94FD00855D00 /* HomeNavigationView.swift */ = {isa = PBXFileReference; lastKnownFileType = sourcecode.swift; path = HomeNavigationView.swift; sourceTree = "<group>"; };
		F15D2632208F1EBF0027D3EA /* AccountContentView.swift */ = {isa = PBXFileReference; lastKnownFileType = sourcecode.swift; path = AccountContentView.swift; sourceTree = "<group>"; };
		F15D2634209078890027D3EA /* AccountHelper.swift */ = {isa = PBXFileReference; lastKnownFileType = sourcecode.swift; path = AccountHelper.swift; sourceTree = "<group>"; };
		F15D263820907A810027D3EA /* HomeModel.swift */ = {isa = PBXFileReference; lastKnownFileType = sourcecode.swift; path = HomeModel.swift; sourceTree = "<group>"; };
		F168386120513F3200B93D84 /* HomeDateItemCell.swift */ = {isa = PBXFileReference; lastKnownFileType = sourcecode.swift; path = HomeDateItemCell.swift; sourceTree = "<group>"; };
		F16F74AE207CFF6B00E6F194 /* YodPrint.swift */ = {isa = PBXFileReference; lastKnownFileType = sourcecode.swift; path = YodPrint.swift; sourceTree = "<group>"; };
		F16F74B0207E63E000E6F194 /* HomeItemCell.swift */ = {isa = PBXFileReference; lastKnownFileType = sourcecode.swift; path = HomeItemCell.swift; sourceTree = "<group>"; };
		F16F74B2207E676100E6F194 /* HomeHeaderView.swift */ = {isa = PBXFileReference; lastKnownFileType = sourcecode.swift; path = HomeHeaderView.swift; sourceTree = "<group>"; };
		F1749F3E209EF830000C613C /* Launch Screen.storyboard */ = {isa = PBXFileReference; lastKnownFileType = file.storyboard; path = "Launch Screen.storyboard"; sourceTree = "<group>"; };
		F1749F42209F00A9000C613C /* LaunchViewController.swift */ = {isa = PBXFileReference; lastKnownFileType = sourcecode.swift; path = LaunchViewController.swift; sourceTree = "<group>"; };
		F1754DF42052370400A7CF77 /* AccountManager.swift */ = {isa = PBXFileReference; lastKnownFileType = sourcecode.swift; path = AccountManager.swift; sourceTree = "<group>"; };
		F18C5CD820A0550B007050F9 /* BillDetailViewController.swift */ = {isa = PBXFileReference; lastKnownFileType = sourcecode.swift; path = BillDetailViewController.swift; sourceTree = "<group>"; };
		F18C5CDE20A05E07007050F9 /* BillDetailContentView.swift */ = {isa = PBXFileReference; lastKnownFileType = sourcecode.swift; path = BillDetailContentView.swift; sourceTree = "<group>"; };
		F1A0C7B62091B7CE000A62F7 /* Account.swift */ = {isa = PBXFileReference; fileEncoding = 4; lastKnownFileType = sourcecode.swift; path = Account.swift; sourceTree = "<group>"; };
		F1A0C7B72091B7CE000A62F7 /* YodDate.swift */ = {isa = PBXFileReference; fileEncoding = 4; lastKnownFileType = sourcecode.swift; path = YodDate.swift; sourceTree = "<group>"; };
		F1A6FFD6208CEF220021EAEA /* DisplayScrollView.swift */ = {isa = PBXFileReference; lastKnownFileType = sourcecode.swift; path = DisplayScrollView.swift; sourceTree = "<group>"; };
		F1A81BFE200CA410003D2D4E /* Yod.app */ = {isa = PBXFileReference; explicitFileType = wrapper.application; includeInIndex = 0; path = Yod.app; sourceTree = BUILT_PRODUCTS_DIR; };
		F1A81C01200CA410003D2D4E /* AppDelegate.swift */ = {isa = PBXFileReference; lastKnownFileType = sourcecode.swift; path = AppDelegate.swift; sourceTree = "<group>"; };
		F1A81C08200CA410003D2D4E /* Assets.xcassets */ = {isa = PBXFileReference; lastKnownFileType = folder.assetcatalog; path = Assets.xcassets; sourceTree = "<group>"; };
		F1A81C12200CA410003D2D4E /* YodTests.xctest */ = {isa = PBXFileReference; explicitFileType = wrapper.cfbundle; includeInIndex = 0; path = YodTests.xctest; sourceTree = BUILT_PRODUCTS_DIR; };
		F1A81C1D200CA410003D2D4E /* YodUITests.xctest */ = {isa = PBXFileReference; explicitFileType = wrapper.cfbundle; includeInIndex = 0; path = YodUITests.xctest; sourceTree = BUILT_PRODUCTS_DIR; };
		F1AC66CD209A0B3E000909DA /* HomeDisplayView.swift */ = {isa = PBXFileReference; fileEncoding = 4; lastKnownFileType = sourcecode.swift; path = HomeDisplayView.swift; sourceTree = "<group>"; };
		F1BCD08E207E0BC700E4A791 /* Reusable.swift */ = {isa = PBXFileReference; fileEncoding = 4; lastKnownFileType = sourcecode.swift; path = Reusable.swift; sourceTree = "<group>"; };
		F1C16A03207F07C4003C4B5A /* UIView+Frame.swift */ = {isa = PBXFileReference; fileEncoding = 4; lastKnownFileType = sourcecode.swift; path = "UIView+Frame.swift"; sourceTree = "<group>"; };
		F1C16A07207F6423003C4B5A /* Delay.swift */ = {isa = PBXFileReference; lastKnownFileType = sourcecode.swift; path = Delay.swift; sourceTree = "<group>"; };
		F1D036F22088C99700D22995 /* helvetica-light.ttf */ = {isa = PBXFileReference; lastKnownFileType = file; path = "helvetica-light.ttf"; sourceTree = "<group>"; };
		F1E1CAE32049553A00339163 /* helvetica-bold.ttf */ = {isa = PBXFileReference; lastKnownFileType = file; path = "helvetica-bold.ttf"; sourceTree = "<group>"; };
		F1E4163C209378FB00C4A7AF /* UIView+Load.swift */ = {isa = PBXFileReference; lastKnownFileType = sourcecode.swift; path = "UIView+Load.swift"; sourceTree = "<group>"; };
		F1FEA64720503DCF00D7733B /* YodConfig.swift */ = {isa = PBXFileReference; lastKnownFileType = sourcecode.swift; path = YodConfig.swift; sourceTree = "<group>"; };
/* End PBXFileReference section */

/* Begin PBXFrameworksBuildPhase section */
		F1A81BFB200CA410003D2D4E /* Frameworks */ = {
			isa = PBXFrameworksBuildPhase;
			buildActionMask = 2147483647;
			files = (
				89F888C1AB0DBBA88D0C7619 /* Pods_Yod.framework in Frameworks */,
			);
			runOnlyForDeploymentPostprocessing = 0;
		};
		F1A81C0F200CA410003D2D4E /* Frameworks */ = {
			isa = PBXFrameworksBuildPhase;
			buildActionMask = 2147483647;
			files = (
				E9125BEC65A8E29F47E69EC4 /* Pods_YodTests.framework in Frameworks */,
			);
			runOnlyForDeploymentPostprocessing = 0;
		};
		F1A81C1A200CA410003D2D4E /* Frameworks */ = {
			isa = PBXFrameworksBuildPhase;
			buildActionMask = 2147483647;
			files = (
				EC246C2AD9AC85147D4CAB67 /* Pods_YodUITests.framework in Frameworks */,
			);
			runOnlyForDeploymentPostprocessing = 0;
		};
/* End PBXFrameworksBuildPhase section */

/* Begin PBXGroup section */
		5995C8C48ED93D2B520D9102 /* Frameworks */ = {
			isa = PBXGroup;
			children = (
				918E8924F0BD661D5A8DC2BD /* Pods_Yod.framework */,
				E6246C70E12FDCB06375B0C1 /* Pods_YodTests.framework */,
				505481D2B563172588955C97 /* Pods_YodUITests.framework */,
			);
			name = Frameworks;
			sourceTree = "<group>";
		};
		7DB7A2071C9097FBD05944DA /* Pods */ = {
			isa = PBXGroup;
			children = (
				BBCA134F0E2520E11E375801 /* Pods-Yod.debug.xcconfig */,
				7B861A4160D3F57FFAEE7061 /* Pods-Yod.release.xcconfig */,
				9C527D633F0BC6495623196A /* Pods-YodTests.debug.xcconfig */,
				C88DE1F30E507A75A725115A /* Pods-YodTests.release.xcconfig */,
				AD6D46A51B3FAC807B65DBE1 /* Pods-YodUITests.debug.xcconfig */,
				C30FE005B636EDB0B41BC8F6 /* Pods-YodUITests.release.xcconfig */,
			);
			name = Pods;
			sourceTree = "<group>";
		};
		F1191057208362F800743D7B /* Views */ = {
			isa = PBXGroup;
			children = (
				F11910582083631400743D7B /* CountingLabel.swift */,
				F1A6FFD6208CEF220021EAEA /* DisplayScrollView.swift */,
			);
			path = Views;
			sourceTree = "<group>";
		};
		F1504A14204E912B00855D00 /* Module */ = {
			isa = PBXGroup;
			children = (
				F18C5CD720A052B7007050F9 /* BillDetail */,
				F1749F41209F007B000C613C /* Root */,
				F1504A15204E912B00855D00 /* Base */,
				F1504A18204E912B00855D00 /* Home */,
			);
			path = Module;
			sourceTree = "<group>";
		};
		F1504A15204E912B00855D00 /* Base */ = {
			isa = PBXGroup;
			children = (
				F1191057208362F800743D7B /* Views */,
				F1504A16204E912B00855D00 /* Controller */,
			);
			path = Base;
			sourceTree = "<group>";
		};
		F1504A16204E912B00855D00 /* Controller */ = {
			isa = PBXGroup;
			children = (
				F1504A17204E912B00855D00 /* BaseViewController.swift */,
			);
			path = Controller;
			sourceTree = "<group>";
		};
		F1504A18204E912B00855D00 /* Home */ = {
			isa = PBXGroup;
			children = (
				F1504A1D204E936D00855D00 /* View */,
				F1504A19204E912B00855D00 /* Controller */,
			);
			path = Home;
			sourceTree = "<group>";
		};
		F1504A19204E912B00855D00 /* Controller */ = {
			isa = PBXGroup;
			children = (
				F1504A1A204E912B00855D00 /* HomeViewController.swift */,
			);
			path = Controller;
			sourceTree = "<group>";
		};
		F1504A1D204E936D00855D00 /* View */ = {
			isa = PBXGroup;
			children = (
				F1504A20204E94FD00855D00 /* HomeNavigationView.swift */,
				F168386120513F3200B93D84 /* HomeDateItemCell.swift */,
				F16F74B2207E676100E6F194 /* HomeHeaderView.swift */,
				F16F74B0207E63E000E6F194 /* HomeItemCell.swift */,
				F12CBE9E20873B9D0063A053 /* HomeItemSectionView.swift */,
				F15D2632208F1EBF0027D3EA /* AccountContentView.swift */,
				F1AC66CD209A0B3E000909DA /* HomeDisplayView.swift */,
			);
			path = View;
			sourceTree = "<group>";
		};
		F1749F41209F007B000C613C /* Root */ = {
			isa = PBXGroup;
			children = (
				F1749F42209F00A9000C613C /* LaunchViewController.swift */,
			);
			path = Root;
			sourceTree = "<group>";
		};
		F1754DF120522D8A00A7CF77 /* SQLite */ = {
			isa = PBXGroup;
			children = (
				F1A0C7B52091B7CE000A62F7 /* Models */,
				F1754DF42052370400A7CF77 /* AccountManager.swift */,
				F15D2634209078890027D3EA /* AccountHelper.swift */,
			);
			path = SQLite;
			sourceTree = "<group>";
		};
		F18C5CD720A052B7007050F9 /* BillDetail */ = {
			isa = PBXGroup;
			children = (
				F18C5CDB20A05C7F007050F9 /* View */,
				F18C5CDA20A05C6A007050F9 /* Controller */,
			);
			path = BillDetail;
			sourceTree = "<group>";
		};
		F18C5CDA20A05C6A007050F9 /* Controller */ = {
			isa = PBXGroup;
			children = (
				F18C5CD820A0550B007050F9 /* BillDetailViewController.swift */,
			);
			path = Controller;
			sourceTree = "<group>";
		};
		F18C5CDB20A05C7F007050F9 /* View */ = {
			isa = PBXGroup;
			children = (
				F18C5CDE20A05E07007050F9 /* BillDetailContentView.swift */,
			);
			path = View;
			sourceTree = "<group>";
		};
		F1A0C7B52091B7CE000A62F7 /* Models */ = {
			isa = PBXGroup;
			children = (
				F15D263820907A810027D3EA /* HomeModel.swift */,
				F1A0C7B62091B7CE000A62F7 /* Account.swift */,
				F1A0C7B72091B7CE000A62F7 /* YodDate.swift */,
			);
			path = Models;
			sourceTree = "<group>";
		};
		F1A81BF5200CA410003D2D4E = {
			isa = PBXGroup;
			children = (
				F1A81C00200CA410003D2D4E /* Yod */,
				F1A81BFF200CA410003D2D4E /* Products */,
				7DB7A2071C9097FBD05944DA /* Pods */,
				5995C8C48ED93D2B520D9102 /* Frameworks */,
			);
			sourceTree = "<group>";
		};
		F1A81BFF200CA410003D2D4E /* Products */ = {
			isa = PBXGroup;
			children = (
				F1A81BFE200CA410003D2D4E /* Yod.app */,
				F1A81C12200CA410003D2D4E /* YodTests.xctest */,
				F1A81C1D200CA410003D2D4E /* YodUITests.xctest */,
			);
			name = Products;
			sourceTree = "<group>";
		};
		F1A81C00200CA410003D2D4E /* Yod */ = {
			isa = PBXGroup;
			children = (
				F1BCD084207DA94C00E4A791 /* Extension */,
				F1754DF120522D8A00A7CF77 /* SQLite */,
				F1FEA64620503DB500D7733B /* Config */,
				F1504A14204E912B00855D00 /* Module */,
				F1E1CAE1204954EA00339163 /* Resource */,
				F1A81C01200CA410003D2D4E /* AppDelegate.swift */,
				F1A81C08200CA410003D2D4E /* Assets.xcassets */,
				F149D89820999D6B00E7BA59 /* Info.plist */,
				F1749F3E209EF830000C613C /* Launch Screen.storyboard */,
			);
			path = Yod;
			sourceTree = "<group>";
		};
		F1BCD084207DA94C00E4A791 /* Extension */ = {
			isa = PBXGroup;
			children = (
				F1BCD08E207E0BC700E4A791 /* Reusable.swift */,
				F150358D2098C3670055617D /* Date+Yod.swift */,
				F150358C2098C3670055617D /* String+Yod.swift */,
				F1C16A03207F07C4003C4B5A /* UIView+Frame.swift */,
				F1E4163C209378FB00C4A7AF /* UIView+Load.swift */,
			);
			path = Extension;
			sourceTree = "<group>";
		};
		F1E1CAE1204954EA00339163 /* Resource */ = {
			isa = PBXGroup;
			children = (
				F14AE376206E451000F65543 /* 20180329_account.csv */,
				F1E1CAE22049550100339163 /* Font */,
			);
			path = Resource;
			sourceTree = "<group>";
		};
		F1E1CAE22049550100339163 /* Font */ = {
			isa = PBXGroup;
			children = (
				F1D036F22088C99700D22995 /* helvetica-light.ttf */,
				F1E1CAE32049553A00339163 /* helvetica-bold.ttf */,
			);
			path = Font;
			sourceTree = "<group>";
		};
		F1FEA64620503DB500D7733B /* Config */ = {
			isa = PBXGroup;
			children = (
				F1FEA64720503DCF00D7733B /* YodConfig.swift */,
				F16F74AE207CFF6B00E6F194 /* YodPrint.swift */,
				F1C16A07207F6423003C4B5A /* Delay.swift */,
			);
			path = Config;
			sourceTree = "<group>";
		};
/* End PBXGroup section */

/* Begin PBXNativeTarget section */
		F1A81BFD200CA410003D2D4E /* Yod */ = {
			isa = PBXNativeTarget;
			buildConfigurationList = F1A81C26200CA410003D2D4E /* Build configuration list for PBXNativeTarget "Yod" */;
			buildPhases = (
				4807B4A8CE41A70AA926956C /* [CP] Check Pods Manifest.lock */,
				F1A81BFA200CA410003D2D4E /* Sources */,
				F1A81BFB200CA410003D2D4E /* Frameworks */,
				F1A81BFC200CA410003D2D4E /* Resources */,
				8C13F0650F3854BEBC11654B /* [CP] Embed Pods Frameworks */,
				2CD148E5198C88612B9957AD /* [CP] Copy Pods Resources */,
			);
			buildRules = (
			);
			dependencies = (
			);
			name = Yod;
			productName = Yod;
			productReference = F1A81BFE200CA410003D2D4E /* Yod.app */;
			productType = "com.apple.product-type.application";
		};
		F1A81C11200CA410003D2D4E /* YodTests */ = {
			isa = PBXNativeTarget;
			buildConfigurationList = F1A81C29200CA410003D2D4E /* Build configuration list for PBXNativeTarget "YodTests" */;
			buildPhases = (
				CB45F016CE022739CF3BCB70 /* [CP] Check Pods Manifest.lock */,
				F1A81C0E200CA410003D2D4E /* Sources */,
				F1A81C0F200CA410003D2D4E /* Frameworks */,
				F1A81C10200CA410003D2D4E /* Resources */,
				7E3DFAB555A3849F840A3E9B /* [CP] Embed Pods Frameworks */,
				31385B49C6728B8E0FEF120E /* [CP] Copy Pods Resources */,
			);
			buildRules = (
			);
			dependencies = (
				F1A81C14200CA410003D2D4E /* PBXTargetDependency */,
			);
			name = YodTests;
			productName = YodTests;
			productReference = F1A81C12200CA410003D2D4E /* YodTests.xctest */;
			productType = "com.apple.product-type.bundle.unit-test";
		};
		F1A81C1C200CA410003D2D4E /* YodUITests */ = {
			isa = PBXNativeTarget;
			buildConfigurationList = F1A81C2C200CA410003D2D4E /* Build configuration list for PBXNativeTarget "YodUITests" */;
			buildPhases = (
				AEA2B668A1E6F49764E072FE /* [CP] Check Pods Manifest.lock */,
				F1A81C19200CA410003D2D4E /* Sources */,
				F1A81C1A200CA410003D2D4E /* Frameworks */,
				F1A81C1B200CA410003D2D4E /* Resources */,
				397FD2183311ED56A2187DC9 /* [CP] Embed Pods Frameworks */,
				3E705C5C2F1F078BCCF2F28F /* [CP] Copy Pods Resources */,
			);
			buildRules = (
			);
			dependencies = (
				F1A81C1F200CA410003D2D4E /* PBXTargetDependency */,
			);
			name = YodUITests;
			productName = YodUITests;
			productReference = F1A81C1D200CA410003D2D4E /* YodUITests.xctest */;
			productType = "com.apple.product-type.bundle.ui-testing";
		};
/* End PBXNativeTarget section */

/* Begin PBXProject section */
		F1A81BF6200CA410003D2D4E /* Project object */ = {
			isa = PBXProject;
			attributes = {
				LastSwiftUpdateCheck = 0910;
				LastUpgradeCheck = 0910;
				ORGANIZATIONNAME = com.eamon;
				TargetAttributes = {
					F1A81BFD200CA410003D2D4E = {
						CreatedOnToolsVersion = 9.1;
						LastSwiftMigration = 0930;
						ProvisioningStyle = Automatic;
					};
					F1A81C11200CA410003D2D4E = {
						CreatedOnToolsVersion = 9.1;
						ProvisioningStyle = Automatic;
						TestTargetID = F1A81BFD200CA410003D2D4E;
					};
					F1A81C1C200CA410003D2D4E = {
						CreatedOnToolsVersion = 9.1;
						ProvisioningStyle = Automatic;
						TestTargetID = F1A81BFD200CA410003D2D4E;
					};
				};
			};
			buildConfigurationList = F1A81BF9200CA410003D2D4E /* Build configuration list for PBXProject "Yod" */;
			compatibilityVersion = "Xcode 8.0";
			developmentRegion = en;
			hasScannedForEncodings = 0;
			knownRegions = (
				en,
				Base,
			);
			mainGroup = F1A81BF5200CA410003D2D4E;
			productRefGroup = F1A81BFF200CA410003D2D4E /* Products */;
			projectDirPath = "";
			projectRoot = "";
			targets = (
				F1A81BFD200CA410003D2D4E /* Yod */,
				F1A81C11200CA410003D2D4E /* YodTests */,
				F1A81C1C200CA410003D2D4E /* YodUITests */,
			);
		};
/* End PBXProject section */

/* Begin PBXResourcesBuildPhase section */
		F1A81BFC200CA410003D2D4E /* Resources */ = {
			isa = PBXResourcesBuildPhase;
			buildActionMask = 2147483647;
			files = (
				F1749F3F209EF830000C613C /* Launch Screen.storyboard in Resources */,
				F1A81C09200CA410003D2D4E /* Assets.xcassets in Resources */,
				F1E1CAE42049553A00339163 /* helvetica-bold.ttf in Resources */,
				F1D036F32088C99700D22995 /* helvetica-light.ttf in Resources */,
				F149D89920999D6B00E7BA59 /* Info.plist in Resources */,
				F14AE377206E451000F65543 /* 20180329_account.csv in Resources */,
			);
			runOnlyForDeploymentPostprocessing = 0;
		};
		F1A81C10200CA410003D2D4E /* Resources */ = {
			isa = PBXResourcesBuildPhase;
			buildActionMask = 2147483647;
			files = (
			);
			runOnlyForDeploymentPostprocessing = 0;
		};
		F1A81C1B200CA410003D2D4E /* Resources */ = {
			isa = PBXResourcesBuildPhase;
			buildActionMask = 2147483647;
			files = (
			);
			runOnlyForDeploymentPostprocessing = 0;
		};
/* End PBXResourcesBuildPhase section */

/* Begin PBXShellScriptBuildPhase section */
		2CD148E5198C88612B9957AD /* [CP] Copy Pods Resources */ = {
			isa = PBXShellScriptBuildPhase;
			buildActionMask = 2147483647;
			files = (
			);
			inputPaths = (
			);
			name = "[CP] Copy Pods Resources";
			outputPaths = (
			);
			runOnlyForDeploymentPostprocessing = 0;
			shellPath = /bin/sh;
			shellScript = "\"${SRCROOT}/Pods/Target Support Files/Pods-Yod/Pods-Yod-resources.sh\"\n";
			showEnvVarsInLog = 0;
		};
		31385B49C6728B8E0FEF120E /* [CP] Copy Pods Resources */ = {
			isa = PBXShellScriptBuildPhase;
			buildActionMask = 2147483647;
			files = (
			);
			inputPaths = (
			);
			name = "[CP] Copy Pods Resources";
			outputPaths = (
			);
			runOnlyForDeploymentPostprocessing = 0;
			shellPath = /bin/sh;
			shellScript = "\"${SRCROOT}/Pods/Target Support Files/Pods-YodTests/Pods-YodTests-resources.sh\"\n";
			showEnvVarsInLog = 0;
		};
		397FD2183311ED56A2187DC9 /* [CP] Embed Pods Frameworks */ = {
			isa = PBXShellScriptBuildPhase;
			buildActionMask = 2147483647;
			files = (
			);
			inputPaths = (
			);
			name = "[CP] Embed Pods Frameworks";
			outputPaths = (
			);
			runOnlyForDeploymentPostprocessing = 0;
			shellPath = /bin/sh;
			shellScript = "\"${SRCROOT}/Pods/Target Support Files/Pods-YodUITests/Pods-YodUITests-frameworks.sh\"\n";
			showEnvVarsInLog = 0;
		};
		3E705C5C2F1F078BCCF2F28F /* [CP] Copy Pods Resources */ = {
			isa = PBXShellScriptBuildPhase;
			buildActionMask = 2147483647;
			files = (
			);
			inputPaths = (
			);
			name = "[CP] Copy Pods Resources";
			outputPaths = (
			);
			runOnlyForDeploymentPostprocessing = 0;
			shellPath = /bin/sh;
			shellScript = "\"${SRCROOT}/Pods/Target Support Files/Pods-YodUITests/Pods-YodUITests-resources.sh\"\n";
			showEnvVarsInLog = 0;
		};
		4807B4A8CE41A70AA926956C /* [CP] Check Pods Manifest.lock */ = {
			isa = PBXShellScriptBuildPhase;
			buildActionMask = 2147483647;
			files = (
			);
			inputPaths = (
				"${PODS_PODFILE_DIR_PATH}/Podfile.lock",
				"${PODS_ROOT}/Manifest.lock",
			);
			name = "[CP] Check Pods Manifest.lock";
			outputPaths = (
				"$(DERIVED_FILE_DIR)/Pods-Yod-checkManifestLockResult.txt",
			);
			runOnlyForDeploymentPostprocessing = 0;
			shellPath = /bin/sh;
			shellScript = "diff \"${PODS_PODFILE_DIR_PATH}/Podfile.lock\" \"${PODS_ROOT}/Manifest.lock\" > /dev/null\nif [ $? != 0 ] ; then\n    # print error to STDERR\n    echo \"error: The sandbox is not in sync with the Podfile.lock. Run 'pod install' or update your CocoaPods installation.\" >&2\n    exit 1\nfi\n# This output is used by Xcode 'outputs' to avoid re-running this script phase.\necho \"SUCCESS\" > \"${SCRIPT_OUTPUT_FILE_0}\"\n";
			showEnvVarsInLog = 0;
		};
		7E3DFAB555A3849F840A3E9B /* [CP] Embed Pods Frameworks */ = {
			isa = PBXShellScriptBuildPhase;
			buildActionMask = 2147483647;
			files = (
			);
			inputPaths = (
			);
			name = "[CP] Embed Pods Frameworks";
			outputPaths = (
			);
			runOnlyForDeploymentPostprocessing = 0;
			shellPath = /bin/sh;
			shellScript = "\"${SRCROOT}/Pods/Target Support Files/Pods-YodTests/Pods-YodTests-frameworks.sh\"\n";
			showEnvVarsInLog = 0;
		};
		8C13F0650F3854BEBC11654B /* [CP] Embed Pods Frameworks */ = {
			isa = PBXShellScriptBuildPhase;
			buildActionMask = 2147483647;
			files = (
			);
			inputPaths = (
				"${SRCROOT}/Pods/Target Support Files/Pods-Yod/Pods-Yod-frameworks.sh",
				"${BUILT_PRODUCTS_DIR}/CSV.swift/CSV.framework",
				"${BUILT_PRODUCTS_DIR}/GDPerformanceView-Swift/GDPerformanceView_Swift.framework",
				"${BUILT_PRODUCTS_DIR}/MonkeyKing/MonkeyKing.framework",
				"${BUILT_PRODUCTS_DIR}/SQLite.swift/SQLite.framework",
				"${BUILT_PRODUCTS_DIR}/SkeletonView/SkeletonView.framework",
				"${BUILT_PRODUCTS_DIR}/SnapKit/SnapKit.framework",
				"${BUILT_PRODUCTS_DIR}/ViewAnimator/ViewAnimator.framework",
			);
			name = "[CP] Embed Pods Frameworks";
			outputPaths = (
				"${TARGET_BUILD_DIR}/${FRAMEWORKS_FOLDER_PATH}/CSV.framework",
				"${TARGET_BUILD_DIR}/${FRAMEWORKS_FOLDER_PATH}/GDPerformanceView_Swift.framework",
				"${TARGET_BUILD_DIR}/${FRAMEWORKS_FOLDER_PATH}/MonkeyKing.framework",
				"${TARGET_BUILD_DIR}/${FRAMEWORKS_FOLDER_PATH}/SQLite.framework",
				"${TARGET_BUILD_DIR}/${FRAMEWORKS_FOLDER_PATH}/SkeletonView.framework",
				"${TARGET_BUILD_DIR}/${FRAMEWORKS_FOLDER_PATH}/SnapKit.framework",
				"${TARGET_BUILD_DIR}/${FRAMEWORKS_FOLDER_PATH}/ViewAnimator.framework",
			);
			runOnlyForDeploymentPostprocessing = 0;
			shellPath = /bin/sh;
			shellScript = "\"${SRCROOT}/Pods/Target Support Files/Pods-Yod/Pods-Yod-frameworks.sh\"\n";
			showEnvVarsInLog = 0;
		};
		AEA2B668A1E6F49764E072FE /* [CP] Check Pods Manifest.lock */ = {
			isa = PBXShellScriptBuildPhase;
			buildActionMask = 2147483647;
			files = (
			);
			inputPaths = (
				"${PODS_PODFILE_DIR_PATH}/Podfile.lock",
				"${PODS_ROOT}/Manifest.lock",
			);
			name = "[CP] Check Pods Manifest.lock";
			outputPaths = (
				"$(DERIVED_FILE_DIR)/Pods-YodUITests-checkManifestLockResult.txt",
			);
			runOnlyForDeploymentPostprocessing = 0;
			shellPath = /bin/sh;
			shellScript = "diff \"${PODS_PODFILE_DIR_PATH}/Podfile.lock\" \"${PODS_ROOT}/Manifest.lock\" > /dev/null\nif [ $? != 0 ] ; then\n    # print error to STDERR\n    echo \"error: The sandbox is not in sync with the Podfile.lock. Run 'pod install' or update your CocoaPods installation.\" >&2\n    exit 1\nfi\n# This output is used by Xcode 'outputs' to avoid re-running this script phase.\necho \"SUCCESS\" > \"${SCRIPT_OUTPUT_FILE_0}\"\n";
			showEnvVarsInLog = 0;
		};
		CB45F016CE022739CF3BCB70 /* [CP] Check Pods Manifest.lock */ = {
			isa = PBXShellScriptBuildPhase;
			buildActionMask = 2147483647;
			files = (
			);
			inputPaths = (
				"${PODS_PODFILE_DIR_PATH}/Podfile.lock",
				"${PODS_ROOT}/Manifest.lock",
			);
			name = "[CP] Check Pods Manifest.lock";
			outputPaths = (
				"$(DERIVED_FILE_DIR)/Pods-YodTests-checkManifestLockResult.txt",
			);
			runOnlyForDeploymentPostprocessing = 0;
			shellPath = /bin/sh;
			shellScript = "diff \"${PODS_PODFILE_DIR_PATH}/Podfile.lock\" \"${PODS_ROOT}/Manifest.lock\" > /dev/null\nif [ $? != 0 ] ; then\n    # print error to STDERR\n    echo \"error: The sandbox is not in sync with the Podfile.lock. Run 'pod install' or update your CocoaPods installation.\" >&2\n    exit 1\nfi\n# This output is used by Xcode 'outputs' to avoid re-running this script phase.\necho \"SUCCESS\" > \"${SCRIPT_OUTPUT_FILE_0}\"\n";
			showEnvVarsInLog = 0;
		};
/* End PBXShellScriptBuildPhase section */

/* Begin PBXSourcesBuildPhase section */
		F1A81BFA200CA410003D2D4E /* Sources */ = {
			isa = PBXSourcesBuildPhase;
			buildActionMask = 2147483647;
			files = (
				F1C16A02207EFF64003C4B5A /* HomeNavigationView.swift in Sources */,
				F1BCD08F207E0BC700E4A791 /* Reusable.swift in Sources */,
				F18C5CD920A0550B007050F9 /* BillDetailViewController.swift in Sources */,
				F1A6FFD7208CEF220021EAEA /* DisplayScrollView.swift in Sources */,
				F15D2635209078890027D3EA /* AccountHelper.swift in Sources */,
				F16F74B1207E63E000E6F194 /* HomeItemCell.swift in Sources */,
				F1A0C7B82091B7CE000A62F7 /* Account.swift in Sources */,
				F150358F2098C3680055617D /* Date+Yod.swift in Sources */,
				F168386220513F3200B93D84 /* HomeDateItemCell.swift in Sources */,
				F1A0C7B92091B7CE000A62F7 /* YodDate.swift in Sources */,
				F16F74B3207E676100E6F194 /* HomeHeaderView.swift in Sources */,
				F1E4163D209378FB00C4A7AF /* UIView+Load.swift in Sources */,
				F1754DF52052370400A7CF77 /* AccountManager.swift in Sources */,
				F1A81C02200CA410003D2D4E /* AppDelegate.swift in Sources */,
				F1749F43209F00A9000C613C /* LaunchViewController.swift in Sources */,
				F1FEA64820503DCF00D7733B /* YodConfig.swift in Sources */,
				F1504A1B204E912B00855D00 /* BaseViewController.swift in Sources */,
				F1C16A04207F07C4003C4B5A /* UIView+Frame.swift in Sources */,
				F18C5CDF20A05E07007050F9 /* BillDetailContentView.swift in Sources */,
				F11910592083631400743D7B /* CountingLabel.swift in Sources */,
				F150358E2098C3680055617D /* String+Yod.swift in Sources */,
				F15D2633208F1EBF0027D3EA /* AccountContentView.swift in Sources */,
				F1AC66CE209A0B3E000909DA /* HomeDisplayView.swift in Sources */,
				F12CBE9F20873B9D0063A053 /* HomeItemSectionView.swift in Sources */,
				F1504A1C204E912B00855D00 /* HomeViewController.swift in Sources */,
				F1C16A08207F6423003C4B5A /* Delay.swift in Sources */,
				F15D263920907A810027D3EA /* HomeModel.swift in Sources */,
				F16F74AF207CFF6B00E6F194 /* YodPrint.swift in Sources */,
			);
			runOnlyForDeploymentPostprocessing = 0;
		};
		F1A81C0E200CA410003D2D4E /* Sources */ = {
			isa = PBXSourcesBuildPhase;
			buildActionMask = 2147483647;
			files = (
			);
			runOnlyForDeploymentPostprocessing = 0;
		};
		F1A81C19200CA410003D2D4E /* Sources */ = {
			isa = PBXSourcesBuildPhase;
			buildActionMask = 2147483647;
			files = (
			);
			runOnlyForDeploymentPostprocessing = 0;
		};
/* End PBXSourcesBuildPhase section */

/* Begin PBXTargetDependency section */
		F1A81C14200CA410003D2D4E /* PBXTargetDependency */ = {
			isa = PBXTargetDependency;
			target = F1A81BFD200CA410003D2D4E /* Yod */;
			targetProxy = F1A81C13200CA410003D2D4E /* PBXContainerItemProxy */;
		};
		F1A81C1F200CA410003D2D4E /* PBXTargetDependency */ = {
			isa = PBXTargetDependency;
			target = F1A81BFD200CA410003D2D4E /* Yod */;
			targetProxy = F1A81C1E200CA410003D2D4E /* PBXContainerItemProxy */;
		};
/* End PBXTargetDependency section */

/* Begin XCBuildConfiguration section */
		F1A81C24200CA410003D2D4E /* Debug */ = {
			isa = XCBuildConfiguration;
			buildSettings = {
				ALWAYS_SEARCH_USER_PATHS = NO;
				CLANG_ANALYZER_NONNULL = YES;
				CLANG_ANALYZER_NUMBER_OBJECT_CONVERSION = YES_AGGRESSIVE;
				CLANG_CXX_LANGUAGE_STANDARD = "gnu++14";
				CLANG_CXX_LIBRARY = "libc++";
				CLANG_ENABLE_MODULES = YES;
				CLANG_ENABLE_OBJC_ARC = YES;
				CLANG_WARN_BLOCK_CAPTURE_AUTORELEASING = YES;
				CLANG_WARN_BOOL_CONVERSION = YES;
				CLANG_WARN_COMMA = YES;
				CLANG_WARN_CONSTANT_CONVERSION = YES;
				CLANG_WARN_DIRECT_OBJC_ISA_USAGE = YES_ERROR;
				CLANG_WARN_DOCUMENTATION_COMMENTS = YES;
				CLANG_WARN_EMPTY_BODY = YES;
				CLANG_WARN_ENUM_CONVERSION = YES;
				CLANG_WARN_INFINITE_RECURSION = YES;
				CLANG_WARN_INT_CONVERSION = YES;
				CLANG_WARN_NON_LITERAL_NULL_CONVERSION = YES;
				CLANG_WARN_OBJC_LITERAL_CONVERSION = YES;
				CLANG_WARN_OBJC_ROOT_CLASS = YES_ERROR;
				CLANG_WARN_RANGE_LOOP_ANALYSIS = YES;
				CLANG_WARN_STRICT_PROTOTYPES = YES;
				CLANG_WARN_SUSPICIOUS_MOVE = YES;
				CLANG_WARN_UNGUARDED_AVAILABILITY = YES_AGGRESSIVE;
				CLANG_WARN_UNREACHABLE_CODE = YES;
				CLANG_WARN__DUPLICATE_METHOD_MATCH = YES;
				CODE_SIGN_IDENTITY = "iPhone Developer";
				COPY_PHASE_STRIP = NO;
				DEBUG_INFORMATION_FORMAT = dwarf;
				ENABLE_STRICT_OBJC_MSGSEND = YES;
				ENABLE_TESTABILITY = YES;
				GCC_C_LANGUAGE_STANDARD = gnu11;
				GCC_DYNAMIC_NO_PIC = NO;
				GCC_NO_COMMON_BLOCKS = YES;
				GCC_OPTIMIZATION_LEVEL = 0;
				GCC_PREPROCESSOR_DEFINITIONS = (
					"DEBUG=1",
					"$(inherited)",
				);
				GCC_WARN_64_TO_32_BIT_CONVERSION = YES;
				GCC_WARN_ABOUT_RETURN_TYPE = YES_ERROR;
				GCC_WARN_UNDECLARED_SELECTOR = YES;
				GCC_WARN_UNINITIALIZED_AUTOS = YES_AGGRESSIVE;
				GCC_WARN_UNUSED_FUNCTION = YES;
				GCC_WARN_UNUSED_VARIABLE = YES;
				IPHONEOS_DEPLOYMENT_TARGET = 10.0;
				MTL_ENABLE_DEBUG_INFO = YES;
				ONLY_ACTIVE_ARCH = YES;
				SDKROOT = iphoneos;
				SWIFT_ACTIVE_COMPILATION_CONDITIONS = DEBUG;
				SWIFT_OPTIMIZATION_LEVEL = "-Onone";
			};
			name = Debug;
		};
		F1A81C25200CA410003D2D4E /* Release */ = {
			isa = XCBuildConfiguration;
			buildSettings = {
				ALWAYS_SEARCH_USER_PATHS = NO;
				CLANG_ANALYZER_NONNULL = YES;
				CLANG_ANALYZER_NUMBER_OBJECT_CONVERSION = YES_AGGRESSIVE;
				CLANG_CXX_LANGUAGE_STANDARD = "gnu++14";
				CLANG_CXX_LIBRARY = "libc++";
				CLANG_ENABLE_MODULES = YES;
				CLANG_ENABLE_OBJC_ARC = YES;
				CLANG_WARN_BLOCK_CAPTURE_AUTORELEASING = YES;
				CLANG_WARN_BOOL_CONVERSION = YES;
				CLANG_WARN_COMMA = YES;
				CLANG_WARN_CONSTANT_CONVERSION = YES;
				CLANG_WARN_DIRECT_OBJC_ISA_USAGE = YES_ERROR;
				CLANG_WARN_DOCUMENTATION_COMMENTS = YES;
				CLANG_WARN_EMPTY_BODY = YES;
				CLANG_WARN_ENUM_CONVERSION = YES;
				CLANG_WARN_INFINITE_RECURSION = YES;
				CLANG_WARN_INT_CONVERSION = YES;
				CLANG_WARN_NON_LITERAL_NULL_CONVERSION = YES;
				CLANG_WARN_OBJC_LITERAL_CONVERSION = YES;
				CLANG_WARN_OBJC_ROOT_CLASS = YES_ERROR;
				CLANG_WARN_RANGE_LOOP_ANALYSIS = YES;
				CLANG_WARN_STRICT_PROTOTYPES = YES;
				CLANG_WARN_SUSPICIOUS_MOVE = YES;
				CLANG_WARN_UNGUARDED_AVAILABILITY = YES_AGGRESSIVE;
				CLANG_WARN_UNREACHABLE_CODE = YES;
				CLANG_WARN__DUPLICATE_METHOD_MATCH = YES;
				CODE_SIGN_IDENTITY = "iPhone Developer";
				COPY_PHASE_STRIP = NO;
				DEBUG_INFORMATION_FORMAT = "dwarf-with-dsym";
				ENABLE_NS_ASSERTIONS = NO;
				ENABLE_STRICT_OBJC_MSGSEND = YES;
				GCC_C_LANGUAGE_STANDARD = gnu11;
				GCC_NO_COMMON_BLOCKS = YES;
				GCC_WARN_64_TO_32_BIT_CONVERSION = YES;
				GCC_WARN_ABOUT_RETURN_TYPE = YES_ERROR;
				GCC_WARN_UNDECLARED_SELECTOR = YES;
				GCC_WARN_UNINITIALIZED_AUTOS = YES_AGGRESSIVE;
				GCC_WARN_UNUSED_FUNCTION = YES;
				GCC_WARN_UNUSED_VARIABLE = YES;
				IPHONEOS_DEPLOYMENT_TARGET = 10.0;
				MTL_ENABLE_DEBUG_INFO = NO;
				SDKROOT = iphoneos;
				SWIFT_OPTIMIZATION_LEVEL = "-Owholemodule";
				VALIDATE_PRODUCT = YES;
			};
			name = Release;
		};
		F1A81C27200CA410003D2D4E /* Debug */ = {
			isa = XCBuildConfiguration;
			baseConfigurationReference = BBCA134F0E2520E11E375801 /* Pods-Yod.debug.xcconfig */;
			buildSettings = {
				ASSETCATALOG_COMPILER_APPICON_NAME = AppIcon;
				CLANG_ENABLE_MODULES = YES;
				CODE_SIGN_STYLE = Automatic;
				DEVELOPMENT_TEAM = 5N8LXT5RPD;
				INFOPLIST_FILE = Yod/Info.plist;
				IPHONEOS_DEPLOYMENT_TARGET = 9.0;
				LD_RUNPATH_SEARCH_PATHS = "$(inherited) @executable_path/Frameworks";
				PRODUCT_BUNDLE_IDENTIFIER = com.eamon.Yod;
				PRODUCT_NAME = "$(TARGET_NAME)";
				SWIFT_OBJC_BRIDGING_HEADER = "";
				SWIFT_OPTIMIZATION_LEVEL = "-Onone";
				SWIFT_VERSION = 4.0;
				TARGETED_DEVICE_FAMILY = 1;
			};
			name = Debug;
		};
		F1A81C28200CA410003D2D4E /* Release */ = {
			isa = XCBuildConfiguration;
			baseConfigurationReference = 7B861A4160D3F57FFAEE7061 /* Pods-Yod.release.xcconfig */;
			buildSettings = {
				ASSETCATALOG_COMPILER_APPICON_NAME = AppIcon;
				CLANG_ENABLE_MODULES = YES;
				CODE_SIGN_STYLE = Automatic;
				DEVELOPMENT_TEAM = 5N8LXT5RPD;
				INFOPLIST_FILE = Yod/Info.plist;
				IPHONEOS_DEPLOYMENT_TARGET = 9.0;
				LD_RUNPATH_SEARCH_PATHS = "$(inherited) @executable_path/Frameworks";
				PRODUCT_BUNDLE_IDENTIFIER = com.eamon.Yod;
				PRODUCT_NAME = "$(TARGET_NAME)";
				SWIFT_OBJC_BRIDGING_HEADER = "";
				SWIFT_VERSION = 4.0;
				TARGETED_DEVICE_FAMILY = 1;
			};
			name = Release;
		};
		F1A81C2A200CA410003D2D4E /* Debug */ = {
			isa = XCBuildConfiguration;
			baseConfigurationReference = 9C527D633F0BC6495623196A /* Pods-YodTests.debug.xcconfig */;
			buildSettings = {
				ALWAYS_EMBED_SWIFT_STANDARD_LIBRARIES = YES;
				BUNDLE_LOADER = "$(TEST_HOST)";
				CODE_SIGN_STYLE = Automatic;
				DEVELOPMENT_TEAM = 5N8LXT5RPD;
				INFOPLIST_FILE = YodTests/Info.plist;
				LD_RUNPATH_SEARCH_PATHS = "$(inherited) @executable_path/Frameworks @loader_path/Frameworks";
				PRODUCT_BUNDLE_IDENTIFIER = com.eamon.YodTests;
				PRODUCT_NAME = "$(TARGET_NAME)";
				SWIFT_VERSION = 4.0;
				TARGETED_DEVICE_FAMILY = "1,2";
				TEST_HOST = "$(BUILT_PRODUCTS_DIR)/Yod.app/Yod";
			};
			name = Debug;
		};
		F1A81C2B200CA410003D2D4E /* Release */ = {
			isa = XCBuildConfiguration;
			baseConfigurationReference = C88DE1F30E507A75A725115A /* Pods-YodTests.release.xcconfig */;
			buildSettings = {
				ALWAYS_EMBED_SWIFT_STANDARD_LIBRARIES = YES;
				BUNDLE_LOADER = "$(TEST_HOST)";
				CODE_SIGN_STYLE = Automatic;
				DEVELOPMENT_TEAM = 5N8LXT5RPD;
				INFOPLIST_FILE = YodTests/Info.plist;
				LD_RUNPATH_SEARCH_PATHS = "$(inherited) @executable_path/Frameworks @loader_path/Frameworks";
				PRODUCT_BUNDLE_IDENTIFIER = com.eamon.YodTests;
				PRODUCT_NAME = "$(TARGET_NAME)";
				SWIFT_VERSION = 4.0;
				TARGETED_DEVICE_FAMILY = "1,2";
				TEST_HOST = "$(BUILT_PRODUCTS_DIR)/Yod.app/Yod";
			};
			name = Release;
		};
		F1A81C2D200CA410003D2D4E /* Debug */ = {
			isa = XCBuildConfiguration;
			baseConfigurationReference = AD6D46A51B3FAC807B65DBE1 /* Pods-YodUITests.debug.xcconfig */;
			buildSettings = {
				ALWAYS_EMBED_SWIFT_STANDARD_LIBRARIES = YES;
				CODE_SIGN_STYLE = Automatic;
				DEVELOPMENT_TEAM = 5N8LXT5RPD;
				INFOPLIST_FILE = YodUITests/Info.plist;
				LD_RUNPATH_SEARCH_PATHS = "$(inherited) @executable_path/Frameworks @loader_path/Frameworks";
				PRODUCT_BUNDLE_IDENTIFIER = com.eamon.YodUITests;
				PRODUCT_NAME = "$(TARGET_NAME)";
				SWIFT_VERSION = 4.0;
				TARGETED_DEVICE_FAMILY = "1,2";
				TEST_TARGET_NAME = Yod;
			};
			name = Debug;
		};
		F1A81C2E200CA410003D2D4E /* Release */ = {
			isa = XCBuildConfiguration;
			baseConfigurationReference = C30FE005B636EDB0B41BC8F6 /* Pods-YodUITests.release.xcconfig */;
			buildSettings = {
				ALWAYS_EMBED_SWIFT_STANDARD_LIBRARIES = YES;
				CODE_SIGN_STYLE = Automatic;
				DEVELOPMENT_TEAM = 5N8LXT5RPD;
				INFOPLIST_FILE = YodUITests/Info.plist;
				LD_RUNPATH_SEARCH_PATHS = "$(inherited) @executable_path/Frameworks @loader_path/Frameworks";
				PRODUCT_BUNDLE_IDENTIFIER = com.eamon.YodUITests;
				PRODUCT_NAME = "$(TARGET_NAME)";
				SWIFT_VERSION = 4.0;
				TARGETED_DEVICE_FAMILY = "1,2";
				TEST_TARGET_NAME = Yod;
			};
			name = Release;
		};
/* End XCBuildConfiguration section */

/* Begin XCConfigurationList section */
		F1A81BF9200CA410003D2D4E /* Build configuration list for PBXProject "Yod" */ = {
			isa = XCConfigurationList;
			buildConfigurations = (
				F1A81C24200CA410003D2D4E /* Debug */,
				F1A81C25200CA410003D2D4E /* Release */,
			);
			defaultConfigurationIsVisible = 0;
			defaultConfigurationName = Release;
		};
		F1A81C26200CA410003D2D4E /* Build configuration list for PBXNativeTarget "Yod" */ = {
			isa = XCConfigurationList;
			buildConfigurations = (
				F1A81C27200CA410003D2D4E /* Debug */,
				F1A81C28200CA410003D2D4E /* Release */,
			);
			defaultConfigurationIsVisible = 0;
			defaultConfigurationName = Release;
		};
		F1A81C29200CA410003D2D4E /* Build configuration list for PBXNativeTarget "YodTests" */ = {
			isa = XCConfigurationList;
			buildConfigurations = (
				F1A81C2A200CA410003D2D4E /* Debug */,
				F1A81C2B200CA410003D2D4E /* Release */,
			);
			defaultConfigurationIsVisible = 0;
			defaultConfigurationName = Release;
		};
		F1A81C2C200CA410003D2D4E /* Build configuration list for PBXNativeTarget "YodUITests" */ = {
			isa = XCConfigurationList;
			buildConfigurations = (
				F1A81C2D200CA410003D2D4E /* Debug */,
				F1A81C2E200CA410003D2D4E /* Release */,
			);
			defaultConfigurationIsVisible = 0;
			defaultConfigurationName = Release;
		};
/* End XCConfigurationList section */
	};
	rootObject = F1A81BF6200CA410003D2D4E /* Project object */;
}
